
Microsoft Visual Studio Solution File, Format Version 12.00
# Visual Studio 2013
VisualStudioVersion = 12.0.21005.1
MinimumVisualStudioVersion = 10.0.40219.1
Project("{FAE04EC0-301F-11D3-BF4B-00C04F79EFBC}") = "Introduction", "Introduction\Introduction.csproj", "{982FCE74-5A2D-4B21-B4A4-53CA044A12BB}"
EndProject
Project("{FAE04EC0-301F-11D3-BF4B-00C04F79EFBC}") = "Testing", "Testing\Testing.csproj", "{9FA93E0B-1758-4ED6-B458-CAEE4960F635}"
EndProject
Global
	GlobalSection(SolutionConfigurationPlatforms) = preSolution
		Debug|Any CPU = Debug|Any CPU
		Release|Any CPU = Release|Any CPU
	EndGlobalSection
	GlobalSection(ProjectConfigurationPlatforms) = postSolution
		{982FCE74-5A2D-4B21-B4A4-53CA044A12BB}.Debug|Any CPU.ActiveCfg = Debug|Any CPU
		{982FCE74-5A2D-4B21-B4A4-53CA044A12BB}.Debug|Any CPU.Build.0 = Debug|Any CPU
		{982FCE74-5A2D-4B21-B4A4-53CA044A12BB}.Release|Any CPU.ActiveCfg = Release|Any CPU
		{982FCE74-5A2D-4B21-B4A4-53CA044A12BB}.Release|Any CPU.Build.0 = Release|Any CPU
		{9FA93E0B-1758-4ED6-B458-CAEE4960F635}.Debug|Any CPU.ActiveCfg = Debug|Any CPU
		{9FA93E0B-1758-4ED6-B458-CAEE4960F635}.Debug|Any CPU.Build.0 = Debug|Any CPU
		{9FA93E0B-1758-4ED6-B458-CAEE4960F635}.Release|Any CPU.ActiveCfg = Release|Any CPU
		{9FA93E0B-1758-4ED6-B458-CAEE4960F635}.Release|Any CPU.Build.0 = Release|Any CPU
	EndGlobalSection
	GlobalSection(SolutionProperties) = preSolution
		HideSolutionNode = FALSE
	EndGlobalSection
EndGlobal
